
Microsoft Visual Studio Solution File, Format Version 12.00
# Visual Studio Version 17
VisualStudioVersion = 17.0.31903.59
MinimumVisualStudioVersion = 10.0.40219.1
Project("{2150E333-8FDC-42A3-9474-1A3956D46DE8}") = "src", "src", "{827E0CD3-B72D-47B6-A68D-7590B98EB39B}"
EndProject
Project("{FAE04EC0-301F-11D3-BF4B-00C04F79EFBC}") = "TaskManager.Domain", "src\TaskManager.Domain\TaskManager.Domain.csproj", "{B1629E44-F817-4C64-979B-0DE4F3365E20}"
EndProject
Project("{FAE04EC0-301F-11D3-BF4B-00C04F79EFBC}") = "TaskManager.Application", "src\TaskManager.Application\TaskManager.Application.csproj", "{2029A60E-9D19-421C-B585-E98181BF8807}"
EndProject
Project("{FAE04EC0-301F-11D3-BF4B-00C04F79EFBC}") = "TaskManager.Infrastructure", "src\TaskManager.Infrastructure\TaskManager.Infrastructure.csproj", "{C68C34D1-8C1C-4D17-86CA-0ABB0FA4186D}"
EndProject
Project("{FAE04EC0-301F-11D3-BF4B-00C04F79EFBC}") = "TaskManager.Api", "src\TaskManager.Api\TaskManager.Api.csproj", "{019A54CD-BE25-40F9-B0D0-EAC11B2B4131}"
EndProject
Project("{2150E333-8FDC-42A3-9474-1A3956D46DE8}") = "tests", "tests", "{0AB3BF05-4346-4AA6-1389-037BE0695223}"
EndProject
Project("{FAE04EC0-301F-11D3-BF4B-00C04F79EFBC}") = "TaskManager.Domain.Tests", "tests\TaskManager.Domain.Tests\TaskManager.Domain.Tests.csproj", "{E9DE1AF7-DB9B-41F5-AA20-FE2AAAC56DD0}"
EndProject
Project("{FAE04EC0-301F-11D3-BF4B-00C04F79EFBC}") = "TaskManager.Application.Tests", "tests\TaskManager.Application.Tests\TaskManager.Application.Tests.csproj", "{5A651337-94FC-49B6-A4FC-86E3198EE265}"
EndProject
Project("{FAE04EC0-301F-11D3-BF4B-00C04F79EFBC}") = "TaskManager.Infrastructure.Tests", "tests\TaskManager.Infrastructure.Tests\TaskManager.Infrastructure.Tests.csproj", "{8E388D52-D014-44F3-B113-64972956B6A2}"
EndProject
Project("{FAE04EC0-301F-11D3-BF4B-00C04F79EFBC}") = "TaskManager.Api.IntegrationTests", "tests\TaskManager.Api.IntegrationTests\TaskManager.Api.IntegrationTests.csproj", "{572D4224-0523-4377-968B-23636AD8C2C3}"
EndProject
Global
	GlobalSection(SolutionConfigurationPlatforms) = preSolution
		Debug|Any CPU = Debug|Any CPU
		Debug|x64 = Debug|x64
		Debug|x86 = Debug|x86
		Release|Any CPU = Release|Any CPU
		Release|x64 = Release|x64
		Release|x86 = Release|x86
	EndGlobalSection
	GlobalSection(ProjectConfigurationPlatforms) = postSolution
		{B1629E44-F817-4C64-979B-0DE4F3365E20}.Debug|Any CPU.ActiveCfg = Debug|Any CPU
		{B1629E44-F817-4C64-979B-0DE4F3365E20}.Debug|Any CPU.Build.0 = Debug|Any CPU
		{B1629E44-F817-4C64-979B-0DE4F3365E20}.Debug|x64.ActiveCfg = Debug|Any CPU
		{B1629E44-F817-4C64-979B-0DE4F3365E20}.Debug|x64.Build.0 = Debug|Any CPU
		{B1629E44-F817-4C64-979B-0DE4F3365E20}.Debug|x86.ActiveCfg = Debug|Any CPU
		{B1629E44-F817-4C64-979B-0DE4F3365E20}.Debug|x86.Build.0 = Debug|Any CPU
		{B1629E44-F817-4C64-979B-0DE4F3365E20}.Release|Any CPU.ActiveCfg = Release|Any CPU
		{B1629E44-F817-4C64-979B-0DE4F3365E20}.Release|Any CPU.Build.0 = Release|Any CPU
		{B1629E44-F817-4C64-979B-0DE4F3365E20}.Release|x64.ActiveCfg = Release|Any CPU
		{B1629E44-F817-4C64-979B-0DE4F3365E20}.Release|x64.Build.0 = Release|Any CPU
		{B1629E44-F817-4C64-979B-0DE4F3365E20}.Release|x86.ActiveCfg = Release|Any CPU
		{B1629E44-F817-4C64-979B-0DE4F3365E20}.Release|x86.Build.0 = Release|Any CPU
		{2029A60E-9D19-421C-B585-E98181BF8807}.Debug|Any CPU.ActiveCfg = Debug|Any CPU
		{2029A60E-9D19-421C-B585-E98181BF8807}.Debug|Any CPU.Build.0 = Debug|Any CPU
		{2029A60E-9D19-421C-B585-E98181BF8807}.Debug|x64.ActiveCfg = Debug|Any CPU
		{2029A60E-9D19-421C-B585-E98181BF8807}.Debug|x64.Build.0 = Debug|Any CPU
		{2029A60E-9D19-421C-B585-E98181BF8807}.Debug|x86.ActiveCfg = Debug|Any CPU
		{2029A60E-9D19-421C-B585-E98181BF8807}.Debug|x86.Build.0 = Debug|Any CPU
		{2029A60E-9D19-421C-B585-E98181BF8807}.Release|Any CPU.ActiveCfg = Release|Any CPU
		{2029A60E-9D19-421C-B585-E98181BF8807}.Release|Any CPU.Build.0 = Release|Any CPU
		{2029A60E-9D19-421C-B585-E98181BF8807}.Release|x64.ActiveCfg = Release|Any CPU
		{2029A60E-9D19-421C-B585-E98181BF8807}.Release|x64.Build.0 = Release|Any CPU
		{2029A60E-9D19-421C-B585-E98181BF8807}.Release|x86.ActiveCfg = Release|Any CPU
		{2029A60E-9D19-421C-B585-E98181BF8807}.Release|x86.Build.0 = Release|Any CPU
		{C68C34D1-8C1C-4D17-86CA-0ABB0FA4186D}.Debug|Any CPU.ActiveCfg = Debug|Any CPU
		{C68C34D1-8C1C-4D17-86CA-0ABB0FA4186D}.Debug|Any CPU.Build.0 = Debug|Any CPU
		{C68C34D1-8C1C-4D17-86CA-0ABB0FA4186D}.Debug|x64.ActiveCfg = Debug|Any CPU
		{C68C34D1-8C1C-4D17-86CA-0ABB0FA4186D}.Debug|x64.Build.0 = Debug|Any CPU
		{C68C34D1-8C1C-4D17-86CA-0ABB0FA4186D}.Debug|x86.ActiveCfg = Debug|Any CPU
		{C68C34D1-8C1C-4D17-86CA-0ABB0FA4186D}.Debug|x86.Build.0 = Debug|Any CPU
		{C68C34D1-8C1C-4D17-86CA-0ABB0FA4186D}.Release|Any CPU.ActiveCfg = Release|Any CPU
		{C68C34D1-8C1C-4D17-86CA-0ABB0FA4186D}.Release|Any CPU.Build.0 = Release|Any CPU
		{C68C34D1-8C1C-4D17-86CA-0ABB0FA4186D}.Release|x64.ActiveCfg = Release|Any CPU
		{C68C34D1-8C1C-4D17-86CA-0ABB0FA4186D}.Release|x64.Build.0 = Release|Any CPU
		{C68C34D1-8C1C-4D17-86CA-0ABB0FA4186D}.Release|x86.ActiveCfg = Release|Any CPU
		{C68C34D1-8C1C-4D17-86CA-0ABB0FA4186D}.Release|x86.Build.0 = Release|Any CPU
		{019A54CD-BE25-40F9-B0D0-EAC11B2B4131}.Debug|Any CPU.ActiveCfg = Debug|Any CPU
		{019A54CD-BE25-40F9-B0D0-EAC11B2B4131}.Debug|Any CPU.Build.0 = Debug|Any CPU
		{019A54CD-BE25-40F9-B0D0-EAC11B2B4131}.Debug|x64.ActiveCfg = Debug|Any CPU
		{019A54CD-BE25-40F9-B0D0-EAC11B2B4131}.Debug|x64.Build.0 = Debug|Any CPU
		{019A54CD-BE25-40F9-B0D0-EAC11B2B4131}.Debug|x86.ActiveCfg = Debug|Any CPU
		{019A54CD-BE25-40F9-B0D0-EAC11B2B4131}.Debug|x86.Build.0 = Debug|Any CPU
		{019A54CD-BE25-40F9-B0D0-EAC11B2B4131}.Release|Any CPU.ActiveCfg = Release|Any CPU
		{019A54CD-BE25-40F9-B0D0-EAC11B2B4131}.Release|Any CPU.Build.0 = Release|Any CPU
		{019A54CD-BE25-40F9-B0D0-EAC11B2B4131}.Release|x64.ActiveCfg = Release|Any CPU
		{019A54CD-BE25-40F9-B0D0-EAC11B2B4131}.Release|x64.Build.0 = Release|Any CPU
		{019A54CD-BE25-40F9-B0D0-EAC11B2B4131}.Release|x86.ActiveCfg = Release|Any CPU
		{019A54CD-BE25-40F9-B0D0-EAC11B2B4131}.Release|x86.Build.0 = Release|Any CPU
		{E9DE1AF7-DB9B-41F5-AA20-FE2AAAC56DD0}.Debug|Any CPU.ActiveCfg = Debug|Any CPU
		{E9DE1AF7-DB9B-41F5-AA20-FE2AAAC56DD0}.Debug|Any CPU.Build.0 = Debug|Any CPU
		{E9DE1AF7-DB9B-41F5-AA20-FE2AAAC56DD0}.Debug|x64.ActiveCfg = Debug|Any CPU
		{E9DE1AF7-DB9B-41F5-AA20-FE2AAAC56DD0}.Debug|x64.Build.0 = Debug|Any CPU
		{E9DE1AF7-DB9B-41F5-AA20-FE2AAAC56DD0}.Debug|x86.ActiveCfg = Debug|Any CPU
		{E9DE1AF7-DB9B-41F5-AA20-FE2AAAC56DD0}.Debug|x86.Build.0 = Debug|Any CPU
		{E9DE1AF7-DB9B-41F5-AA20-FE2AAAC56DD0}.Release|Any CPU.ActiveCfg = Release|Any CPU
		{E9DE1AF7-DB9B-41F5-AA20-FE2AAAC56DD0}.Release|Any CPU.Build.0 = Release|Any CPU
		{E9DE1AF7-DB9B-41F5-AA20-FE2AAAC56DD0}.Release|x64.ActiveCfg = Release|Any CPU
		{E9DE1AF7-DB9B-41F5-AA20-FE2AAAC56DD0}.Release|x64.Build.0 = Release|Any CPU
		{E9DE1AF7-DB9B-41F5-AA20-FE2AAAC56DD0}.Release|x86.ActiveCfg = Release|Any CPU
		{E9DE1AF7-DB9B-41F5-AA20-FE2AAAC56DD0}.Release|x86.Build.0 = Release|Any CPU
		{5A651337-94FC-49B6-A4FC-86E3198EE265}.Debug|Any CPU.ActiveCfg = Debug|Any CPU
		{5A651337-94FC-49B6-A4FC-86E3198EE265}.Debug|Any CPU.Build.0 = Debug|Any CPU
		{5A651337-94FC-49B6-A4FC-86E3198EE265}.Debug|x64.ActiveCfg = Debug|Any CPU
		{5A651337-94FC-49B6-A4FC-86E3198EE265}.Debug|x64.Build.0 = Debug|Any CPU
		{5A651337-94FC-49B6-A4FC-86E3198EE265}.Debug|x86.ActiveCfg = Debug|Any CPU
		{5A651337-94FC-49B6-A4FC-86E3198EE265}.Debug|x86.Build.0 = Debug|Any CPU
		{5A651337-94FC-49B6-A4FC-86E3198EE265}.Release|Any CPU.ActiveCfg = Release|Any CPU
		{5A651337-94FC-49B6-A4FC-86E3198EE265}.Release|Any CPU.Build.0 = Release|Any CPU
		{5A651337-94FC-49B6-A4FC-86E3198EE265}.Release|x64.ActiveCfg = Release|Any CPU
		{5A651337-94FC-49B6-A4FC-86E3198EE265}.Release|x64.Build.0 = Release|Any CPU
		{5A651337-94FC-49B6-A4FC-86E3198EE265}.Release|x86.ActiveCfg = Release|Any CPU
		{5A651337-94FC-49B6-A4FC-86E3198EE265}.Release|x86.Build.0 = Release|Any CPU
		{8E388D52-D014-44F3-B113-64972956B6A2}.Debug|Any CPU.ActiveCfg = Debug|Any CPU
		{8E388D52-D014-44F3-B113-64972956B6A2}.Debug|Any CPU.Build.0 = Debug|Any CPU
		{8E388D52-D014-44F3-B113-64972956B6A2}.Debug|x64.ActiveCfg = Debug|Any CPU
		{8E388D52-D014-44F3-B113-64972956B6A2}.Debug|x64.Build.0 = Debug|Any CPU
		{8E388D52-D014-44F3-B113-64972956B6A2}.Debug|x86.ActiveCfg = Debug|Any CPU
		{8E388D52-D014-44F3-B113-64972956B6A2}.Debug|x86.Build.0 = Debug|Any CPU
		{8E388D52-D014-44F3-B113-64972956B6A2}.Release|Any CPU.ActiveCfg = Release|Any CPU
		{8E388D52-D014-44F3-B113-64972956B6A2}.Release|Any CPU.Build.0 = Release|Any CPU
		{8E388D52-D014-44F3-B113-64972956B6A2}.Release|x64.ActiveCfg = Release|Any CPU
		{8E388D52-D014-44F3-B113-64972956B6A2}.Release|x64.Build.0 = Release|Any CPU
		{8E388D52-D014-44F3-B113-64972956B6A2}.Release|x86.ActiveCfg = Release|Any CPU
		{8E388D52-D014-44F3-B113-64972956B6A2}.Release|x86.Build.0 = Release|Any CPU
		{572D4224-0523-4377-968B-23636AD8C2C3}.Debug|Any CPU.ActiveCfg = Debug|Any CPU
		{572D4224-0523-4377-968B-23636AD8C2C3}.Debug|Any CPU.Build.0 = Debug|Any CPU
		{572D4224-0523-4377-968B-23636AD8C2C3}.Debug|x64.ActiveCfg = Debug|Any CPU
		{572D4224-0523-4377-968B-23636AD8C2C3}.Debug|x64.Build.0 = Debug|Any CPU
		{572D4224-0523-4377-968B-23636AD8C2C3}.Debug|x86.ActiveCfg = Debug|Any CPU
		{572D4224-0523-4377-968B-23636AD8C2C3}.Debug|x86.Build.0 = Debug|Any CPU
		{572D4224-0523-4377-968B-23636AD8C2C3}.Release|Any CPU.ActiveCfg = Release|Any CPU
		{572D4224-0523-4377-968B-23636AD8C2C3}.Release|Any CPU.Build.0 = Release|Any CPU
		{572D4224-0523-4377-968B-23636AD8C2C3}.Release|x64.ActiveCfg = Release|Any CPU
		{572D4224-0523-4377-968B-23636AD8C2C3}.Release|x64.Build.0 = Release|Any CPU
		{572D4224-0523-4377-968B-23636AD8C2C3}.Release|x86.ActiveCfg = Release|Any CPU
		{572D4224-0523-4377-968B-23636AD8C2C3}.Release|x86.Build.0 = Release|Any CPU
	EndGlobalSection
	GlobalSection(SolutionProperties) = preSolution
		HideSolutionNode = FALSE
	EndGlobalSection
	GlobalSection(NestedProjects) = preSolution
		{B1629E44-F817-4C64-979B-0DE4F3365E20} = {827E0CD3-B72D-47B6-A68D-7590B98EB39B}
		{2029A60E-9D19-421C-B585-E98181BF8807} = {827E0CD3-B72D-47B6-A68D-7590B98EB39B}
		{C68C34D1-8C1C-4D17-86CA-0ABB0FA4186D} = {827E0CD3-B72D-47B6-A68D-7590B98EB39B}
		{019A54CD-BE25-40F9-B0D0-EAC11B2B4131} = {827E0CD3-B72D-47B6-A68D-7590B98EB39B}
		{E9DE1AF7-DB9B-41F5-AA20-FE2AAAC56DD0} = {0AB3BF05-4346-4AA6-1389-037BE0695223}
		{5A651337-94FC-49B6-A4FC-86E3198EE265} = {0AB3BF05-4346-4AA6-1389-037BE0695223}
		{8E388D52-D014-44F3-B113-64972956B6A2} = {0AB3BF05-4346-4AA6-1389-037BE0695223}
		{572D4224-0523-4377-968B-23636AD8C2C3} = {0AB3BF05-4346-4AA6-1389-037BE0695223}
	EndGlobalSection
EndGlobal
